
Microsoft Visual Studio Solution File, Format Version 12.00
# Visual Studio Version 17
VisualStudioVersion = 17.0.31903.59
MinimumVisualStudioVersion = 10.0.40219.1
Project("{2150E333-8FDC-42A3-9474-1A3956D46DE8}") = "contracts", "contracts", "{02EA681E-C7D8-13C7-8484-4AC65E1B71E8}"
EndProject
Project("{2150E333-8FDC-42A3-9474-1A3956D46DE8}") = "gateway", "gateway", "{3927CE5F-ED60-42A7-AA00-4C9BE6A5CF60}"
EndProject
Project("{2150E333-8FDC-42A3-9474-1A3956D46DE8}") = "services", "services", "{4FC316B5-4FD3-40DC-B739-E34470B0F2DF}"
EndProject
Project("{2150E333-8FDC-42A3-9474-1A3956D46DE8}") = "Contracts", "Contracts", "{CCD5337D-BE02-4874-9ADD-EC7FC3751450}"
EndProject
Project("{2150E333-8FDC-42A3-9474-1A3956D46DE8}") = "Messaging.Contracts", "Messaging.Contracts", "{25261716-3D34-4664-AFF3-7A852B54B9DF}"
EndProject
Project("{FAE04EC0-301F-11D3-BF4B-00C04F79EFBC}") = "Contracts", "contracts\Contracts\Contracts\Contracts.csproj", "{610B51D6-D411-2EBE-F52E-C58C6A162B2A}"
EndProject
Project("{FAE04EC0-301F-11D3-BF4B-00C04F79EFBC}") = "Messaging.Contracts", "contracts\Messaging.Contracts\Messaging.Contracts\Messaging.Contracts.csproj", "{647DBFE8-486E-F866-FC20-FAD23B07D95B}"
EndProject
Project("{FAE04EC0-301F-11D3-BF4B-00C04F79EFBC}") = "ApiGateway", "gateway\ApiGateway\ApiGateway\ApiGateway.csproj", "{8A573952-3986-B244-EEF2-39AF0843A6A8}"
EndProject
Project("{2150E333-8FDC-42A3-9474-1A3956D46DE8}") = "Authorization", "Authorization", "{63248454-F2A1-4D1F-BC91-FFB9B52D4EFA}"
EndProject
Project("{2150E333-8FDC-42A3-9474-1A3956D46DE8}") = "Contacts", "Contacts", "{AECB0063-E8A3-4932-ABD5-F5A678822550}"
EndProject
Project("{2150E333-8FDC-42A3-9474-1A3956D46DE8}") = "Notification", "Notification", "{D162312E-BAE4-4401-828B-2CD9F1F1511D}"
EndProject
Project("{2150E333-8FDC-42A3-9474-1A3956D46DE8}") = "Profile", "Profile", "{18EC3F13-DD8A-4BE3-AB47-62E08ED1AD8C}"
EndProject
Project("{2150E333-8FDC-42A3-9474-1A3956D46DE8}") = "Template", "Template", "{A888C3BD-0440-4904-AF09-95CCE6418AE3}"
EndProject
Project("{2150E333-8FDC-42A3-9474-1A3956D46DE8}") = "Verification", "Verification", "{9FC68632-09FD-4728-806F-4AA53FBF5FA1}"
EndProject
Project("{2150E333-8FDC-42A3-9474-1A3956D46DE8}") = "Authorization", "Authorization", "{DF71EEFE-9E66-44A7-9C07-F2A51D6E1D23}"
EndProject
Project("{2150E333-8FDC-42A3-9474-1A3956D46DE8}") = "Authorization.Application", "Authorization.Application", "{65A205E1-5AB4-4873-9841-481A285BC9E2}"
EndProject
Project("{2150E333-8FDC-42A3-9474-1A3956D46DE8}") = "Authorization.Domain", "Authorization.Domain", "{E049830B-5F59-40D0-B4B3-60DCB68CDEA2}"
EndProject
Project("{2150E333-8FDC-42A3-9474-1A3956D46DE8}") = "Authorization.Infrastructure", "Authorization.Infrastructure", "{D36F20FF-F9B2-4C43-8B75-03F9C73F4B1A}"
EndProject
Project("{FAE04EC0-301F-11D3-BF4B-00C04F79EFBC}") = "Authorization", "services\Authorization\Authorization\Authorization.csproj", "{AE32F101-448D-6FDD-F5EF-B761958A9A00}"
EndProject
Project("{FAE04EC0-301F-11D3-BF4B-00C04F79EFBC}") = "Authorization.Application", "services\Authorization\Authorization.Application\Authorization.Application.csproj", "{5E373E37-5AC6-8D79-9D9A-F730D5172A05}"
EndProject
Project("{FAE04EC0-301F-11D3-BF4B-00C04F79EFBC}") = "Authorization.Domain", "services\Authorization\Authorization.Domain\Authorization.Domain.csproj", "{A5E6B16D-4C86-80C7-D8B5-6CCC89DB2DE0}"
EndProject
Project("{FAE04EC0-301F-11D3-BF4B-00C04F79EFBC}") = "Authorization.Infrastructure", "services\Authorization\Authorization.Infrastructure\Authorization.Infrastructure.csproj", "{B84E81A0-95A4-8832-4EA2-ABECB3CF7E17}"
EndProject
Project("{2150E333-8FDC-42A3-9474-1A3956D46DE8}") = "Contacts", "Contacts", "{A25021BA-01A4-4BB7-B90B-671FBD66DA1E}"
EndProject
Project("{2150E333-8FDC-42A3-9474-1A3956D46DE8}") = "Contacts.Application", "Contacts.Application", "{10185C8F-3E06-4EDF-8DFF-0EE3E3A00A52}"
EndProject
Project("{2150E333-8FDC-42A3-9474-1A3956D46DE8}") = "Contacts.Domain", "Contacts.Domain", "{4ACB0A13-08F2-440E-97A4-D3DAEF7E14D2}"
EndProject
Project("{2150E333-8FDC-42A3-9474-1A3956D46DE8}") = "Contacts.Infrastructure", "Contacts.Infrastructure", "{BBC01B54-5EB8-4DA1-8433-330A5CB650C0}"
EndProject
Project("{FAE04EC0-301F-11D3-BF4B-00C04F79EFBC}") = "Contacts", "services\Contacts\Contacts\Contacts.csproj", "{631D363F-2176-C70E-9898-C8B4C2BA9961}"
EndProject
Project("{FAE04EC0-301F-11D3-BF4B-00C04F79EFBC}") = "Contacts.Application", "services\Contacts\Contacts.Application\Contacts.Application.csproj", "{212694DE-8BC3-0345-53CA-3E13E4EBA282}"
EndProject
Project("{FAE04EC0-301F-11D3-BF4B-00C04F79EFBC}") = "Contacts.Domain", "services\Contacts\Contacts.Domain\Contacts.Domain.csproj", "{23FF8D36-E1CD-FC1B-165F-62EDAFBF235A}"
EndProject
Project("{FAE04EC0-301F-11D3-BF4B-00C04F79EFBC}") = "Contacts.Infrastructure", "services\Contacts\Contacts.Infrastructure\Contacts.Infrastructure.csproj", "{0A3A311F-3284-09DB-5EEE-28F40B72EA22}"
EndProject
Project("{2150E333-8FDC-42A3-9474-1A3956D46DE8}") = "Notification", "Notification", "{E81C50D7-4BFB-483F-8E66-80E6925256E0}"
EndProject
Project("{2150E333-8FDC-42A3-9474-1A3956D46DE8}") = "Notification.Application", "Notification.Application", "{B2AB9578-B075-486E-9268-C04F19113717}"
EndProject
Project("{2150E333-8FDC-42A3-9474-1A3956D46DE8}") = "Notification.Domain", "Notification.Domain", "{5FF5FD7D-63C6-49A0-A816-BBB2EB1B323E}"
EndProject
Project("{2150E333-8FDC-42A3-9474-1A3956D46DE8}") = "Notification.Infrastructure", "Notification.Infrastructure", "{C11D43A2-D463-4436-85AF-75367BA11FA2}"
EndProject
Project("{FAE04EC0-301F-11D3-BF4B-00C04F79EFBC}") = "Notification", "services\Notification\Notification\Notification.csproj", "{1E1CDABA-AE7D-8752-ECA2-D7A4488D2252}"
EndProject
Project("{FAE04EC0-301F-11D3-BF4B-00C04F79EFBC}") = "Notification.Application", "services\Notification\Notification.Application\Notification.Application.csproj", "{19A69770-D025-38FD-1168-EBA2A2BF2162}"
EndProject
Project("{FAE04EC0-301F-11D3-BF4B-00C04F79EFBC}") = "Notification.Domain", "services\Notification\Notification.Domain\Notification.Domain.csproj", "{7A99A2B4-0C89-8BD0-E020-8FB443FAE2E5}"
EndProject
Project("{FAE04EC0-301F-11D3-BF4B-00C04F79EFBC}") = "Notification.Infrastructure", "services\Notification\Notification.Infrastructure\Notification.Infrastructure.csproj", "{FD0645D8-7E22-FE02-AF3D-88750F26AE69}"
EndProject
Project("{2150E333-8FDC-42A3-9474-1A3956D46DE8}") = "Profile", "Profile", "{2B0A51C6-1623-4BFB-914D-08014EE6D7D4}"
EndProject
Project("{2150E333-8FDC-42A3-9474-1A3956D46DE8}") = "Profile.Application", "Profile.Application", "{4B397E27-BB91-4E16-9199-5E5D9422AEB8}"
EndProject
Project("{2150E333-8FDC-42A3-9474-1A3956D46DE8}") = "Profile.Domain", "Profile.Domain", "{6A40CBC7-8514-4105-9D13-61EC460F01BA}"
EndProject
Project("{2150E333-8FDC-42A3-9474-1A3956D46DE8}") = "Profile.Infrastructure", "Profile.Infrastructure", "{E7426DDB-C808-4974-885C-1C73371C2A3C}"
EndProject
Project("{FAE04EC0-301F-11D3-BF4B-00C04F79EFBC}") = "Profile", "services\Profile\Profile\Profile.csproj", "{B84CA3A0-1CFA-42F9-F726-F46B0EAB77DB}"
EndProject
Project("{FAE04EC0-301F-11D3-BF4B-00C04F79EFBC}") = "Profile.Application", "services\Profile\Profile.Application\Profile.Application.csproj", "{2B1AFD26-85BF-530C-9FEC-7901E6E96B9A}"
EndProject
Project("{FAE04EC0-301F-11D3-BF4B-00C04F79EFBC}") = "Profile.Domain", "services\Profile\Profile.Domain\Profile.Domain.csproj", "{2FB6C6DE-6097-98A6-EF48-F95DF86B3C28}"
EndProject
Project("{FAE04EC0-301F-11D3-BF4B-00C04F79EFBC}") = "Profile.Infrastructure", "services\Profile\Profile.Infrastructure\Profile.Infrastructure.csproj", "{8E28CE3D-DA29-AC1E-DDA3-5CA588A181DC}"
EndProject
Project("{2150E333-8FDC-42A3-9474-1A3956D46DE8}") = "Template", "Template", "{5A9DCB92-9898-4A10-AF04-06ACD2AA95DB}"
EndProject
Project("{2150E333-8FDC-42A3-9474-1A3956D46DE8}") = "Template.Application", "Template.Application", "{B45AF99A-7821-46DE-BE1E-15B5219ED2C4}"
EndProject
Project("{2150E333-8FDC-42A3-9474-1A3956D46DE8}") = "Template.Domain", "Template.Domain", "{7809FDE5-7761-469C-82CA-43E223FE60AD}"
EndProject
Project("{2150E333-8FDC-42A3-9474-1A3956D46DE8}") = "Template.Infrastructure", "Template.Infrastructure", "{5A1248CF-7AE3-4A78-A529-C4954F9E0AE0}"
EndProject
Project("{FAE04EC0-301F-11D3-BF4B-00C04F79EFBC}") = "Template", "services\Template\Template\Template.csproj", "{205A4726-1D6E-1047-6B5C-99954E2F3038}"
EndProject
Project("{FAE04EC0-301F-11D3-BF4B-00C04F79EFBC}") = "Template.Application", "services\Template\Template.Application\Template.Application.csproj", "{43E0CCD9-87C2-1046-1CFE-95B60DE64311}"
EndProject
Project("{FAE04EC0-301F-11D3-BF4B-00C04F79EFBC}") = "Template.Domain", "services\Template\Template.Domain\Template.Domain.csproj", "{BA19EF62-45E7-729D-9EE2-6229DC04B0BA}"
EndProject
Project("{FAE04EC0-301F-11D3-BF4B-00C04F79EFBC}") = "Template.Infrastructure", "services\Template\Template.Infrastructure\Template.Infrastructure.csproj", "{C7C437C2-8CA8-F0E2-0D02-120089A39F42}"
EndProject
Project("{2150E333-8FDC-42A3-9474-1A3956D46DE8}") = "Verification", "Verification", "{CAACE5F8-325F-4B12-BEEC-B1F57CDEFE42}"
EndProject
Project("{2150E333-8FDC-42A3-9474-1A3956D46DE8}") = "Verification.Application", "Verification.Application", "{E37A3604-632D-4764-B046-D954B7D29997}"
EndProject
Project("{2150E333-8FDC-42A3-9474-1A3956D46DE8}") = "Verification.Domain", "Verification.Domain", "{4D1DDAD3-6A86-4083-8721-F74A779D3C2A}"
EndProject
Project("{2150E333-8FDC-42A3-9474-1A3956D46DE8}") = "Verification.Infrastructure", "Verification.Infrastructure", "{A2014C40-CB3E-429F-8F35-22F4F5C0DD51}"
EndProject
Project("{FAE04EC0-301F-11D3-BF4B-00C04F79EFBC}") = "Verification", "services\Verification\Verification\Verification.csproj", "{F1774A0A-9289-9652-8D50-1D79D2AEF788}"
EndProject
Project("{FAE04EC0-301F-11D3-BF4B-00C04F79EFBC}") = "Verification.Application", "services\Verification\Verification.Application\Verification.Application.csproj", "{0B46ACAD-2C97-693B-59D6-F56BFA7113FE}"
EndProject
Project("{FAE04EC0-301F-11D3-BF4B-00C04F79EFBC}") = "Verification.Domain", "services\Verification\Verification.Domain\Verification.Domain.csproj", "{3028EBAD-A6EA-85E6-EB4B-E0220A324A75}"
EndProject
Project("{FAE04EC0-301F-11D3-BF4B-00C04F79EFBC}") = "Verification.Infrastructure", "services\Verification\Verification.Infrastructure\Verification.Infrastructure.csproj", "{1FE22B10-BE89-1C98-AB7F-1C847AC9F414}"
EndProject
Global
	GlobalSection(SolutionConfigurationPlatforms) = preSolution
		Debug|Any CPU = Debug|Any CPU
		Release|Any CPU = Release|Any CPU
	EndGlobalSection
	GlobalSection(ProjectConfigurationPlatforms) = postSolution
		{610B51D6-D411-2EBE-F52E-C58C6A162B2A}.Debug|Any CPU.ActiveCfg = Debug|Any CPU
		{610B51D6-D411-2EBE-F52E-C58C6A162B2A}.Debug|Any CPU.Build.0 = Debug|Any CPU
		{610B51D6-D411-2EBE-F52E-C58C6A162B2A}.Release|Any CPU.ActiveCfg = Release|Any CPU
		{610B51D6-D411-2EBE-F52E-C58C6A162B2A}.Release|Any CPU.Build.0 = Release|Any CPU
		{647DBFE8-486E-F866-FC20-FAD23B07D95B}.Debug|Any CPU.ActiveCfg = Debug|Any CPU
		{647DBFE8-486E-F866-FC20-FAD23B07D95B}.Debug|Any CPU.Build.0 = Debug|Any CPU
		{647DBFE8-486E-F866-FC20-FAD23B07D95B}.Release|Any CPU.ActiveCfg = Release|Any CPU
		{647DBFE8-486E-F866-FC20-FAD23B07D95B}.Release|Any CPU.Build.0 = Release|Any CPU
		{8A573952-3986-B244-EEF2-39AF0843A6A8}.Debug|Any CPU.ActiveCfg = Debug|Any CPU
		{8A573952-3986-B244-EEF2-39AF0843A6A8}.Debug|Any CPU.Build.0 = Debug|Any CPU
		{8A573952-3986-B244-EEF2-39AF0843A6A8}.Release|Any CPU.ActiveCfg = Release|Any CPU
		{8A573952-3986-B244-EEF2-39AF0843A6A8}.Release|Any CPU.Build.0 = Release|Any CPU
		{AE32F101-448D-6FDD-F5EF-B761958A9A00}.Debug|Any CPU.ActiveCfg = Debug|Any CPU
		{AE32F101-448D-6FDD-F5EF-B761958A9A00}.Debug|Any CPU.Build.0 = Debug|Any CPU
		{AE32F101-448D-6FDD-F5EF-B761958A9A00}.Release|Any CPU.ActiveCfg = Release|Any CPU
		{AE32F101-448D-6FDD-F5EF-B761958A9A00}.Release|Any CPU.Build.0 = Release|Any CPU
		{5E373E37-5AC6-8D79-9D9A-F730D5172A05}.Debug|Any CPU.ActiveCfg = Debug|Any CPU
		{5E373E37-5AC6-8D79-9D9A-F730D5172A05}.Debug|Any CPU.Build.0 = Debug|Any CPU
		{5E373E37-5AC6-8D79-9D9A-F730D5172A05}.Release|Any CPU.ActiveCfg = Release|Any CPU
		{5E373E37-5AC6-8D79-9D9A-F730D5172A05}.Release|Any CPU.Build.0 = Release|Any CPU
		{A5E6B16D-4C86-80C7-D8B5-6CCC89DB2DE0}.Debug|Any CPU.ActiveCfg = Debug|Any CPU
		{A5E6B16D-4C86-80C7-D8B5-6CCC89DB2DE0}.Debug|Any CPU.Build.0 = Debug|Any CPU
		{A5E6B16D-4C86-80C7-D8B5-6CCC89DB2DE0}.Release|Any CPU.ActiveCfg = Release|Any CPU
		{A5E6B16D-4C86-80C7-D8B5-6CCC89DB2DE0}.Release|Any CPU.Build.0 = Release|Any CPU
		{B84E81A0-95A4-8832-4EA2-ABECB3CF7E17}.Debug|Any CPU.ActiveCfg = Debug|Any CPU
		{B84E81A0-95A4-8832-4EA2-ABECB3CF7E17}.Debug|Any CPU.Build.0 = Debug|Any CPU
		{B84E81A0-95A4-8832-4EA2-ABECB3CF7E17}.Release|Any CPU.ActiveCfg = Release|Any CPU
		{B84E81A0-95A4-8832-4EA2-ABECB3CF7E17}.Release|Any CPU.Build.0 = Release|Any CPU
		{631D363F-2176-C70E-9898-C8B4C2BA9961}.Debug|Any CPU.ActiveCfg = Debug|Any CPU
		{631D363F-2176-C70E-9898-C8B4C2BA9961}.Debug|Any CPU.Build.0 = Debug|Any CPU
		{631D363F-2176-C70E-9898-C8B4C2BA9961}.Release|Any CPU.ActiveCfg = Release|Any CPU
		{631D363F-2176-C70E-9898-C8B4C2BA9961}.Release|Any CPU.Build.0 = Release|Any CPU
		{212694DE-8BC3-0345-53CA-3E13E4EBA282}.Debug|Any CPU.ActiveCfg = Debug|Any CPU
		{212694DE-8BC3-0345-53CA-3E13E4EBA282}.Debug|Any CPU.Build.0 = Debug|Any CPU
		{212694DE-8BC3-0345-53CA-3E13E4EBA282}.Release|Any CPU.ActiveCfg = Release|Any CPU
		{212694DE-8BC3-0345-53CA-3E13E4EBA282}.Release|Any CPU.Build.0 = Release|Any CPU
		{23FF8D36-E1CD-FC1B-165F-62EDAFBF235A}.Debug|Any CPU.ActiveCfg = Debug|Any CPU
		{23FF8D36-E1CD-FC1B-165F-62EDAFBF235A}.Debug|Any CPU.Build.0 = Debug|Any CPU
		{23FF8D36-E1CD-FC1B-165F-62EDAFBF235A}.Release|Any CPU.ActiveCfg = Release|Any CPU
		{23FF8D36-E1CD-FC1B-165F-62EDAFBF235A}.Release|Any CPU.Build.0 = Release|Any CPU
		{0A3A311F-3284-09DB-5EEE-28F40B72EA22}.Debug|Any CPU.ActiveCfg = Debug|Any CPU
		{0A3A311F-3284-09DB-5EEE-28F40B72EA22}.Debug|Any CPU.Build.0 = Debug|Any CPU
		{0A3A311F-3284-09DB-5EEE-28F40B72EA22}.Release|Any CPU.ActiveCfg = Release|Any CPU
		{0A3A311F-3284-09DB-5EEE-28F40B72EA22}.Release|Any CPU.Build.0 = Release|Any CPU
		{1E1CDABA-AE7D-8752-ECA2-D7A4488D2252}.Debug|Any CPU.ActiveCfg = Debug|Any CPU
		{1E1CDABA-AE7D-8752-ECA2-D7A4488D2252}.Debug|Any CPU.Build.0 = Debug|Any CPU
		{1E1CDABA-AE7D-8752-ECA2-D7A4488D2252}.Release|Any CPU.ActiveCfg = Release|Any CPU
		{1E1CDABA-AE7D-8752-ECA2-D7A4488D2252}.Release|Any CPU.Build.0 = Release|Any CPU
		{19A69770-D025-38FD-1168-EBA2A2BF2162}.Debug|Any CPU.ActiveCfg = Debug|Any CPU
		{19A69770-D025-38FD-1168-EBA2A2BF2162}.Debug|Any CPU.Build.0 = Debug|Any CPU
		{19A69770-D025-38FD-1168-EBA2A2BF2162}.Release|Any CPU.ActiveCfg = Release|Any CPU
		{19A69770-D025-38FD-1168-EBA2A2BF2162}.Release|Any CPU.Build.0 = Release|Any CPU
		{7A99A2B4-0C89-8BD0-E020-8FB443FAE2E5}.Debug|Any CPU.ActiveCfg = Debug|Any CPU
		{7A99A2B4-0C89-8BD0-E020-8FB443FAE2E5}.Debug|Any CPU.Build.0 = Debug|Any CPU
		{7A99A2B4-0C89-8BD0-E020-8FB443FAE2E5}.Release|Any CPU.ActiveCfg = Release|Any CPU
		{7A99A2B4-0C89-8BD0-E020-8FB443FAE2E5}.Release|Any CPU.Build.0 = Release|Any CPU
		{FD0645D8-7E22-FE02-AF3D-88750F26AE69}.Debug|Any CPU.ActiveCfg = Debug|Any CPU
		{FD0645D8-7E22-FE02-AF3D-88750F26AE69}.Debug|Any CPU.Build.0 = Debug|Any CPU
		{FD0645D8-7E22-FE02-AF3D-88750F26AE69}.Release|Any CPU.ActiveCfg = Release|Any CPU
		{FD0645D8-7E22-FE02-AF3D-88750F26AE69}.Release|Any CPU.Build.0 = Release|Any CPU
		{B84CA3A0-1CFA-42F9-F726-F46B0EAB77DB}.Debug|Any CPU.ActiveCfg = Debug|Any CPU
		{B84CA3A0-1CFA-42F9-F726-F46B0EAB77DB}.Debug|Any CPU.Build.0 = Debug|Any CPU
		{B84CA3A0-1CFA-42F9-F726-F46B0EAB77DB}.Release|Any CPU.ActiveCfg = Release|Any CPU
		{B84CA3A0-1CFA-42F9-F726-F46B0EAB77DB}.Release|Any CPU.Build.0 = Release|Any CPU
		{2B1AFD26-85BF-530C-9FEC-7901E6E96B9A}.Debug|Any CPU.ActiveCfg = Debug|Any CPU
		{2B1AFD26-85BF-530C-9FEC-7901E6E96B9A}.Debug|Any CPU.Build.0 = Debug|Any CPU
		{2B1AFD26-85BF-530C-9FEC-7901E6E96B9A}.Release|Any CPU.ActiveCfg = Release|Any CPU
		{2B1AFD26-85BF-530C-9FEC-7901E6E96B9A}.Release|Any CPU.Build.0 = Release|Any CPU
		{2FB6C6DE-6097-98A6-EF48-F95DF86B3C28}.Debug|Any CPU.ActiveCfg = Debug|Any CPU
		{2FB6C6DE-6097-98A6-EF48-F95DF86B3C28}.Debug|Any CPU.Build.0 = Debug|Any CPU
		{2FB6C6DE-6097-98A6-EF48-F95DF86B3C28}.Release|Any CPU.ActiveCfg = Release|Any CPU
		{2FB6C6DE-6097-98A6-EF48-F95DF86B3C28}.Release|Any CPU.Build.0 = Release|Any CPU
		{8E28CE3D-DA29-AC1E-DDA3-5CA588A181DC}.Debug|Any CPU.ActiveCfg = Debug|Any CPU
		{8E28CE3D-DA29-AC1E-DDA3-5CA588A181DC}.Debug|Any CPU.Build.0 = Debug|Any CPU
		{8E28CE3D-DA29-AC1E-DDA3-5CA588A181DC}.Release|Any CPU.ActiveCfg = Release|Any CPU
		{8E28CE3D-DA29-AC1E-DDA3-5CA588A181DC}.Release|Any CPU.Build.0 = Release|Any CPU
		{205A4726-1D6E-1047-6B5C-99954E2F3038}.Debug|Any CPU.ActiveCfg = Debug|Any CPU
		{205A4726-1D6E-1047-6B5C-99954E2F3038}.Debug|Any CPU.Build.0 = Debug|Any CPU
		{205A4726-1D6E-1047-6B5C-99954E2F3038}.Release|Any CPU.ActiveCfg = Release|Any CPU
		{205A4726-1D6E-1047-6B5C-99954E2F3038}.Release|Any CPU.Build.0 = Release|Any CPU
		{43E0CCD9-87C2-1046-1CFE-95B60DE64311}.Debug|Any CPU.ActiveCfg = Debug|Any CPU
		{43E0CCD9-87C2-1046-1CFE-95B60DE64311}.Debug|Any CPU.Build.0 = Debug|Any CPU
		{43E0CCD9-87C2-1046-1CFE-95B60DE64311}.Release|Any CPU.ActiveCfg = Release|Any CPU
		{43E0CCD9-87C2-1046-1CFE-95B60DE64311}.Release|Any CPU.Build.0 = Release|Any CPU
		{BA19EF62-45E7-729D-9EE2-6229DC04B0BA}.Debug|Any CPU.ActiveCfg = Debug|Any CPU
		{BA19EF62-45E7-729D-9EE2-6229DC04B0BA}.Debug|Any CPU.Build.0 = Debug|Any CPU
		{BA19EF62-45E7-729D-9EE2-6229DC04B0BA}.Release|Any CPU.ActiveCfg = Release|Any CPU
		{BA19EF62-45E7-729D-9EE2-6229DC04B0BA}.Release|Any CPU.Build.0 = Release|Any CPU
		{C7C437C2-8CA8-F0E2-0D02-120089A39F42}.Debug|Any CPU.ActiveCfg = Debug|Any CPU
		{C7C437C2-8CA8-F0E2-0D02-120089A39F42}.Debug|Any CPU.Build.0 = Debug|Any CPU
		{C7C437C2-8CA8-F0E2-0D02-120089A39F42}.Release|Any CPU.ActiveCfg = Release|Any CPU
		{C7C437C2-8CA8-F0E2-0D02-120089A39F42}.Release|Any CPU.Build.0 = Release|Any CPU
		{F1774A0A-9289-9652-8D50-1D79D2AEF788}.Debug|Any CPU.ActiveCfg = Debug|Any CPU
		{F1774A0A-9289-9652-8D50-1D79D2AEF788}.Debug|Any CPU.Build.0 = Debug|Any CPU
		{F1774A0A-9289-9652-8D50-1D79D2AEF788}.Release|Any CPU.ActiveCfg = Release|Any CPU
		{F1774A0A-9289-9652-8D50-1D79D2AEF788}.Release|Any CPU.Build.0 = Release|Any CPU
		{0B46ACAD-2C97-693B-59D6-F56BFA7113FE}.Debug|Any CPU.ActiveCfg = Debug|Any CPU
		{0B46ACAD-2C97-693B-59D6-F56BFA7113FE}.Debug|Any CPU.Build.0 = Debug|Any CPU
		{0B46ACAD-2C97-693B-59D6-F56BFA7113FE}.Release|Any CPU.ActiveCfg = Release|Any CPU
		{0B46ACAD-2C97-693B-59D6-F56BFA7113FE}.Release|Any CPU.Build.0 = Release|Any CPU
		{3028EBAD-A6EA-85E6-EB4B-E0220A324A75}.Debug|Any CPU.ActiveCfg = Debug|Any CPU
		{3028EBAD-A6EA-85E6-EB4B-E0220A324A75}.Debug|Any CPU.Build.0 = Debug|Any CPU
		{3028EBAD-A6EA-85E6-EB4B-E0220A324A75}.Release|Any CPU.ActiveCfg = Release|Any CPU
		{3028EBAD-A6EA-85E6-EB4B-E0220A324A75}.Release|Any CPU.Build.0 = Release|Any CPU
		{1FE22B10-BE89-1C98-AB7F-1C847AC9F414}.Debug|Any CPU.ActiveCfg = Debug|Any CPU
		{1FE22B10-BE89-1C98-AB7F-1C847AC9F414}.Debug|Any CPU.Build.0 = Debug|Any CPU
		{1FE22B10-BE89-1C98-AB7F-1C847AC9F414}.Release|Any CPU.ActiveCfg = Release|Any CPU
		{1FE22B10-BE89-1C98-AB7F-1C847AC9F414}.Release|Any CPU.Build.0 = Release|Any CPU
	EndGlobalSection
	GlobalSection(SolutionProperties) = preSolution
		HideSolutionNode = FALSE
	EndGlobalSection
	GlobalSection(NestedProjects) = preSolution
		{CCD5337D-BE02-4874-9ADD-EC7FC3751450} = {02EA681E-C7D8-13C7-8484-4AC65E1B71E8}
		{25261716-3D34-4664-AFF3-7A852B54B9DF} = {02EA681E-C7D8-13C7-8484-4AC65E1B71E8}
		{610B51D6-D411-2EBE-F52E-C58C6A162B2A} = {CCD5337D-BE02-4874-9ADD-EC7FC3751450}
		{647DBFE8-486E-F866-FC20-FAD23B07D95B} = {25261716-3D34-4664-AFF3-7A852B54B9DF}
		{8A573952-3986-B244-EEF2-39AF0843A6A8} = {3927CE5F-ED60-42A7-AA00-4C9BE6A5CF60}
		{63248454-F2A1-4D1F-BC91-FFB9B52D4EFA} = {4FC316B5-4FD3-40DC-B739-E34470B0F2DF}
		{AECB0063-E8A3-4932-ABD5-F5A678822550} = {4FC316B5-4FD3-40DC-B739-E34470B0F2DF}
		{D162312E-BAE4-4401-828B-2CD9F1F1511D} = {4FC316B5-4FD3-40DC-B739-E34470B0F2DF}
		{18EC3F13-DD8A-4BE3-AB47-62E08ED1AD8C} = {4FC316B5-4FD3-40DC-B739-E34470B0F2DF}
		{A888C3BD-0440-4904-AF09-95CCE6418AE3} = {4FC316B5-4FD3-40DC-B739-E34470B0F2DF}
		{9FC68632-09FD-4728-806F-4AA53FBF5FA1} = {4FC316B5-4FD3-40DC-B739-E34470B0F2DF}
		{DF71EEFE-9E66-44A7-9C07-F2A51D6E1D23} = {63248454-F2A1-4D1F-BC91-FFB9B52D4EFA}
		{65A205E1-5AB4-4873-9841-481A285BC9E2} = {63248454-F2A1-4D1F-BC91-FFB9B52D4EFA}
		{E049830B-5F59-40D0-B4B3-60DCB68CDEA2} = {63248454-F2A1-4D1F-BC91-FFB9B52D4EFA}
		{D36F20FF-F9B2-4C43-8B75-03F9C73F4B1A} = {63248454-F2A1-4D1F-BC91-FFB9B52D4EFA}
		{AE32F101-448D-6FDD-F5EF-B761958A9A00} = {DF71EEFE-9E66-44A7-9C07-F2A51D6E1D23}
		{5E373E37-5AC6-8D79-9D9A-F730D5172A05} = {65A205E1-5AB4-4873-9841-481A285BC9E2}
		{A5E6B16D-4C86-80C7-D8B5-6CCC89DB2DE0} = {E049830B-5F59-40D0-B4B3-60DCB68CDEA2}
		{B84E81A0-95A4-8832-4EA2-ABECB3CF7E17} = {D36F20FF-F9B2-4C43-8B75-03F9C73F4B1A}
		{A25021BA-01A4-4BB7-B90B-671FBD66DA1E} = {AECB0063-E8A3-4932-ABD5-F5A678822550}
		{10185C8F-3E06-4EDF-8DFF-0EE3E3A00A52} = {AECB0063-E8A3-4932-ABD5-F5A678822550}
		{4ACB0A13-08F2-440E-97A4-D3DAEF7E14D2} = {AECB0063-E8A3-4932-ABD5-F5A678822550}
		{BBC01B54-5EB8-4DA1-8433-330A5CB650C0} = {AECB0063-E8A3-4932-ABD5-F5A678822550}
		{631D363F-2176-C70E-9898-C8B4C2BA9961} = {A25021BA-01A4-4BB7-B90B-671FBD66DA1E}
		{212694DE-8BC3-0345-53CA-3E13E4EBA282} = {10185C8F-3E06-4EDF-8DFF-0EE3E3A00A52}
		{23FF8D36-E1CD-FC1B-165F-62EDAFBF235A} = {4ACB0A13-08F2-440E-97A4-D3DAEF7E14D2}
		{0A3A311F-3284-09DB-5EEE-28F40B72EA22} = {BBC01B54-5EB8-4DA1-8433-330A5CB650C0}
		{E81C50D7-4BFB-483F-8E66-80E6925256E0} = {D162312E-BAE4-4401-828B-2CD9F1F1511D}
		{B2AB9578-B075-486E-9268-C04F19113717} = {D162312E-BAE4-4401-828B-2CD9F1F1511D}
		{5FF5FD7D-63C6-49A0-A816-BBB2EB1B323E} = {D162312E-BAE4-4401-828B-2CD9F1F1511D}
		{C11D43A2-D463-4436-85AF-75367BA11FA2} = {D162312E-BAE4-4401-828B-2CD9F1F1511D}
		{1E1CDABA-AE7D-8752-ECA2-D7A4488D2252} = {E81C50D7-4BFB-483F-8E66-80E6925256E0}
		{19A69770-D025-38FD-1168-EBA2A2BF2162} = {B2AB9578-B075-486E-9268-C04F19113717}
		{7A99A2B4-0C89-8BD0-E020-8FB443FAE2E5} = {5FF5FD7D-63C6-49A0-A816-BBB2EB1B323E}
		{FD0645D8-7E22-FE02-AF3D-88750F26AE69} = {C11D43A2-D463-4436-85AF-75367BA11FA2}
		{2B0A51C6-1623-4BFB-914D-08014EE6D7D4} = {18EC3F13-DD8A-4BE3-AB47-62E08ED1AD8C}
		{4B397E27-BB91-4E16-9199-5E5D9422AEB8} = {18EC3F13-DD8A-4BE3-AB47-62E08ED1AD8C}
		{6A40CBC7-8514-4105-9D13-61EC460F01BA} = {18EC3F13-DD8A-4BE3-AB47-62E08ED1AD8C}
		{E7426DDB-C808-4974-885C-1C73371C2A3C} = {18EC3F13-DD8A-4BE3-AB47-62E08ED1AD8C}
		{B84CA3A0-1CFA-42F9-F726-F46B0EAB77DB} = {2B0A51C6-1623-4BFB-914D-08014EE6D7D4}
		{2B1AFD26-85BF-530C-9FEC-7901E6E96B9A} = {4B397E27-BB91-4E16-9199-5E5D9422AEB8}
		{2FB6C6DE-6097-98A6-EF48-F95DF86B3C28} = {6A40CBC7-8514-4105-9D13-61EC460F01BA}
		{8E28CE3D-DA29-AC1E-DDA3-5CA588A181DC} = {E7426DDB-C808-4974-885C-1C73371C2A3C}
		{5A9DCB92-9898-4A10-AF04-06ACD2AA95DB} = {A888C3BD-0440-4904-AF09-95CCE6418AE3}
		{B45AF99A-7821-46DE-BE1E-15B5219ED2C4} = {A888C3BD-0440-4904-AF09-95CCE6418AE3}
		{7809FDE5-7761-469C-82CA-43E223FE60AD} = {A888C3BD-0440-4904-AF09-95CCE6418AE3}
		{5A1248CF-7AE3-4A78-A529-C4954F9E0AE0} = {A888C3BD-0440-4904-AF09-95CCE6418AE3}
		{205A4726-1D6E-1047-6B5C-99954E2F3038} = {5A9DCB92-9898-4A10-AF04-06ACD2AA95DB}
		{43E0CCD9-87C2-1046-1CFE-95B60DE64311} = {B45AF99A-7821-46DE-BE1E-15B5219ED2C4}
		{BA19EF62-45E7-729D-9EE2-6229DC04B0BA} = {7809FDE5-7761-469C-82CA-43E223FE60AD}
		{C7C437C2-8CA8-F0E2-0D02-120089A39F42} = {5A1248CF-7AE3-4A78-A529-C4954F9E0AE0}
		{CAACE5F8-325F-4B12-BEEC-B1F57CDEFE42} = {9FC68632-09FD-4728-806F-4AA53FBF5FA1}
		{E37A3604-632D-4764-B046-D954B7D29997} = {9FC68632-09FD-4728-806F-4AA53FBF5FA1}
		{4D1DDAD3-6A86-4083-8721-F74A779D3C2A} = {9FC68632-09FD-4728-806F-4AA53FBF5FA1}
		{A2014C40-CB3E-429F-8F35-22F4F5C0DD51} = {9FC68632-09FD-4728-806F-4AA53FBF5FA1}
		{F1774A0A-9289-9652-8D50-1D79D2AEF788} = {CAACE5F8-325F-4B12-BEEC-B1F57CDEFE42}
		{0B46ACAD-2C97-693B-59D6-F56BFA7113FE} = {E37A3604-632D-4764-B046-D954B7D29997}
		{3028EBAD-A6EA-85E6-EB4B-E0220A324A75} = {4D1DDAD3-6A86-4083-8721-F74A779D3C2A}
		{1FE22B10-BE89-1C98-AB7F-1C847AC9F414} = {A2014C40-CB3E-429F-8F35-22F4F5C0DD51}
	EndGlobalSection
	GlobalSection(ExtensibilityGlobals) = postSolution
		SolutionGuid = {77FE9108-89AE-4A42-8B85-E900F205CB10}
	EndGlobalSection
EndGlobal
