
Microsoft Visual Studio Solution File, Format Version 12.00
# Visual Studio Version 17
VisualStudioVersion = 17.14.37012.4 d17.14
MinimumVisualStudioVersion = 10.0.40219.1
Project("{FAE04EC0-301F-11D3-BF4B-00C04F79EFBC}") = "Authorization", "Authorization\Authorization.csproj", "{E30D1F82-D2F2-4BFA-A160-13B80CB90760}"
EndProject
Project("{2150E333-8FDC-42A3-9474-1A3956D46DE8}") = "Authorization.Application", "Authorization.Application", "{02EA681E-C7D8-13C7-8484-4AC65E1B71E8}"
EndProject
Project("{FAE04EC0-301F-11D3-BF4B-00C04F79EFBC}") = "Authorization.Application", "Authorization.Application\Authorization.Application.csproj", "{742B777A-836F-4255-812F-7E75F5BCDFAA}"
EndProject
Project("{2150E333-8FDC-42A3-9474-1A3956D46DE8}") = "Authorization.Domain", "Authorization.Domain", "{D926D9EB-E93A-4AF0-BB9C-D81AB99241D1}"
EndProject
Project("{FAE04EC0-301F-11D3-BF4B-00C04F79EFBC}") = "Authorization.Domain", "Authorization.Domain\Authorization.Domain.csproj", "{04DF1D3A-56F7-4866-91ED-7801A496289E}"
EndProject
Project("{2150E333-8FDC-42A3-9474-1A3956D46DE8}") = "Authorization.Infrastructure", "Authorization.Infrastructure", "{9A9CDB7D-F432-4EC8-B2FC-CC10774EE15B}"
EndProject
Project("{FAE04EC0-301F-11D3-BF4B-00C04F79EFBC}") = "Authorization.Infrastructure", "Authorization.Infrastructure\Authorization.Infrastructure.csproj", "{C4070264-0A9D-42C8-91E2-B9A03A4483BF}"
EndProject
Global
	GlobalSection(SolutionConfigurationPlatforms) = preSolution
		Debug|Any CPU = Debug|Any CPU
		Release|Any CPU = Release|Any CPU
	EndGlobalSection
	GlobalSection(ProjectConfigurationPlatforms) = postSolution
		{E30D1F82-D2F2-4BFA-A160-13B80CB90760}.Debug|Any CPU.ActiveCfg = Debug|Any CPU
		{E30D1F82-D2F2-4BFA-A160-13B80CB90760}.Debug|Any CPU.Build.0 = Debug|Any CPU
		{E30D1F82-D2F2-4BFA-A160-13B80CB90760}.Release|Any CPU.ActiveCfg = Release|Any CPU
		{E30D1F82-D2F2-4BFA-A160-13B80CB90760}.Release|Any CPU.Build.0 = Release|Any CPU
		{742B777A-836F-4255-812F-7E75F5BCDFAA}.Debug|Any CPU.ActiveCfg = Debug|Any CPU
		{742B777A-836F-4255-812F-7E75F5BCDFAA}.Debug|Any CPU.Build.0 = Debug|Any CPU
		{742B777A-836F-4255-812F-7E75F5BCDFAA}.Release|Any CPU.ActiveCfg = Release|Any CPU
		{742B777A-836F-4255-812F-7E75F5BCDFAA}.Release|Any CPU.Build.0 = Release|Any CPU
		{04DF1D3A-56F7-4866-91ED-7801A496289E}.Debug|Any CPU.ActiveCfg = Debug|Any CPU
		{04DF1D3A-56F7-4866-91ED-7801A496289E}.Debug|Any CPU.Build.0 = Debug|Any CPU
		{04DF1D3A-56F7-4866-91ED-7801A496289E}.Release|Any CPU.ActiveCfg = Release|Any CPU
		{04DF1D3A-56F7-4866-91ED-7801A496289E}.Release|Any CPU.Build.0 = Release|Any CPU
		{C4070264-0A9D-42C8-91E2-B9A03A4483BF}.Debug|Any CPU.ActiveCfg = Debug|Any CPU
		{C4070264-0A9D-42C8-91E2-B9A03A4483BF}.Debug|Any CPU.Build.0 = Debug|Any CPU
		{C4070264-0A9D-42C8-91E2-B9A03A4483BF}.Release|Any CPU.ActiveCfg = Release|Any CPU
		{C4070264-0A9D-42C8-91E2-B9A03A4483BF}.Release|Any CPU.Build.0 = Release|Any CPU
	EndGlobalSection
	GlobalSection(SolutionProperties) = preSolution
		HideSolutionNode = FALSE
	EndGlobalSection
	GlobalSection(NestedProjects) = preSolution
		{742B777A-836F-4255-812F-7E75F5BCDFAA} = {02EA681E-C7D8-13C7-8484-4AC65E1B71E8}
		{04DF1D3A-56F7-4866-91ED-7801A496289E} = {D926D9EB-E93A-4AF0-BB9C-D81AB99241D1}
		{C4070264-0A9D-42C8-91E2-B9A03A4483BF} = {9A9CDB7D-F432-4EC8-B2FC-CC10774EE15B}
	EndGlobalSection
	GlobalSection(ExtensibilityGlobals) = postSolution
		SolutionGuid = {C538BAFC-D601-474C-9268-9C3AEFED5FEC}
	EndGlobalSection
EndGlobal
