
Microsoft Visual Studio Solution File, Format Version 12.00
# Visual Studio Version 17
VisualStudioVersion = 17.14.37012.4 d17.14
MinimumVisualStudioVersion = 10.0.40219.1
Project("{FAE04EC0-301F-11D3-BF4B-00C04F79EFBC}") = "Notification", "Notification\Notification.csproj", "{6B067279-C075-4330-9EB6-4050D5CC34D6}"
EndProject
Project("{2150E333-8FDC-42A3-9474-1A3956D46DE8}") = "Notification.Application", "Notification.Application", "{02EA681E-C7D8-13C7-8484-4AC65E1B71E8}"
EndProject
Project("{FAE04EC0-301F-11D3-BF4B-00C04F79EFBC}") = "Notification.Application", "Notification.Application\Notification.Application.csproj", "{1FFE9838-3857-4E98-B804-764D5B70B251}"
EndProject
Project("{2150E333-8FDC-42A3-9474-1A3956D46DE8}") = "Notification.Domain", "Notification.Domain", "{63670DE1-0DDE-4303-A7AC-63B19EE3F6E3}"
EndProject
Project("{FAE04EC0-301F-11D3-BF4B-00C04F79EFBC}") = "Notification.Domain", "Notification.Domain\Notification.Domain.csproj", "{08CB9DF2-D871-48D9-B69E-56D539EDF39A}"
EndProject
Project("{2150E333-8FDC-42A3-9474-1A3956D46DE8}") = "Notification.Infrastructure", "Notification.Infrastructure", "{DA6E9834-13F6-420E-8B13-B9E72202E754}"
EndProject
Project("{FAE04EC0-301F-11D3-BF4B-00C04F79EFBC}") = "Notification.Infrastructure", "Notification.Infrastructure\Notification.Infrastructure.csproj", "{7ADCFC1C-A234-44F0-A6FF-BB7A7DD0DF64}"
EndProject
Global
	GlobalSection(SolutionConfigurationPlatforms) = preSolution
		Debug|Any CPU = Debug|Any CPU
		Release|Any CPU = Release|Any CPU
	EndGlobalSection
	GlobalSection(ProjectConfigurationPlatforms) = postSolution
		{6B067279-C075-4330-9EB6-4050D5CC34D6}.Debug|Any CPU.ActiveCfg = Debug|Any CPU
		{6B067279-C075-4330-9EB6-4050D5CC34D6}.Debug|Any CPU.Build.0 = Debug|Any CPU
		{6B067279-C075-4330-9EB6-4050D5CC34D6}.Release|Any CPU.ActiveCfg = Release|Any CPU
		{6B067279-C075-4330-9EB6-4050D5CC34D6}.Release|Any CPU.Build.0 = Release|Any CPU
		{1FFE9838-3857-4E98-B804-764D5B70B251}.Debug|Any CPU.ActiveCfg = Debug|Any CPU
		{1FFE9838-3857-4E98-B804-764D5B70B251}.Debug|Any CPU.Build.0 = Debug|Any CPU
		{1FFE9838-3857-4E98-B804-764D5B70B251}.Release|Any CPU.ActiveCfg = Release|Any CPU
		{1FFE9838-3857-4E98-B804-764D5B70B251}.Release|Any CPU.Build.0 = Release|Any CPU
		{08CB9DF2-D871-48D9-B69E-56D539EDF39A}.Debug|Any CPU.ActiveCfg = Debug|Any CPU
		{08CB9DF2-D871-48D9-B69E-56D539EDF39A}.Debug|Any CPU.Build.0 = Debug|Any CPU
		{08CB9DF2-D871-48D9-B69E-56D539EDF39A}.Release|Any CPU.ActiveCfg = Release|Any CPU
		{08CB9DF2-D871-48D9-B69E-56D539EDF39A}.Release|Any CPU.Build.0 = Release|Any CPU
		{7ADCFC1C-A234-44F0-A6FF-BB7A7DD0DF64}.Debug|Any CPU.ActiveCfg = Debug|Any CPU
		{7ADCFC1C-A234-44F0-A6FF-BB7A7DD0DF64}.Debug|Any CPU.Build.0 = Debug|Any CPU
		{7ADCFC1C-A234-44F0-A6FF-BB7A7DD0DF64}.Release|Any CPU.ActiveCfg = Release|Any CPU
		{7ADCFC1C-A234-44F0-A6FF-BB7A7DD0DF64}.Release|Any CPU.Build.0 = Release|Any CPU
	EndGlobalSection
	GlobalSection(SolutionProperties) = preSolution
		HideSolutionNode = FALSE
	EndGlobalSection
	GlobalSection(NestedProjects) = preSolution
		{1FFE9838-3857-4E98-B804-764D5B70B251} = {02EA681E-C7D8-13C7-8484-4AC65E1B71E8}
		{08CB9DF2-D871-48D9-B69E-56D539EDF39A} = {63670DE1-0DDE-4303-A7AC-63B19EE3F6E3}
		{7ADCFC1C-A234-44F0-A6FF-BB7A7DD0DF64} = {DA6E9834-13F6-420E-8B13-B9E72202E754}
	EndGlobalSection
	GlobalSection(ExtensibilityGlobals) = postSolution
		SolutionGuid = {C7D81032-B1FD-4C89-B834-A679C0AD6BD0}
	EndGlobalSection
EndGlobal
