
Microsoft Visual Studio Solution File, Format Version 12.00
# Visual Studio Version 17
VisualStudioVersion = 17.14.36518.9 d17.14
MinimumVisualStudioVersion = 10.0.40219.1
Project("{FAE04EC0-301F-11D3-BF4B-00C04F79EFBC}") = "ProfileService", "ProfileService\ProfileService.csproj", "{36E23A3A-858B-4F91-A165-D2742617066D}"
EndProject
Global
	GlobalSection(SolutionConfigurationPlatforms) = preSolution
		Debug|Any CPU = Debug|Any CPU
		Release|Any CPU = Release|Any CPU
	EndGlobalSection
	GlobalSection(ProjectConfigurationPlatforms) = postSolution
		{36E23A3A-858B-4F91-A165-D2742617066D}.Debug|Any CPU.ActiveCfg = Debug|Any CPU
		{36E23A3A-858B-4F91-A165-D2742617066D}.Debug|Any CPU.Build.0 = Debug|Any CPU
		{36E23A3A-858B-4F91-A165-D2742617066D}.Release|Any CPU.ActiveCfg = Release|Any CPU
		{36E23A3A-858B-4F91-A165-D2742617066D}.Release|Any CPU.Build.0 = Release|Any CPU
	EndGlobalSection
	GlobalSection(SolutionProperties) = preSolution
		HideSolutionNode = FALSE
	EndGlobalSection
	GlobalSection(ExtensibilityGlobals) = postSolution
		SolutionGuid = {F16EB207-7EC3-49FF-BB22-E64ADE34067C}
	EndGlobalSection
EndGlobal
