
Microsoft Visual Studio Solution File, Format Version 12.00
# Visual Studio Version 17
VisualStudioVersion = 17.14.36518.9 d17.14
MinimumVisualStudioVersion = 10.0.40219.1
Project("{FAE04EC0-301F-11D3-BF4B-00C04F79EFBC}") = "AuthService", "AuthService\AuthService.csproj", "{30708CBA-AA43-4F66-B284-2DBE20F2A735}"
EndProject
Global
	GlobalSection(SolutionConfigurationPlatforms) = preSolution
		Debug|Any CPU = Debug|Any CPU
		Release|Any CPU = Release|Any CPU
	EndGlobalSection
	GlobalSection(ProjectConfigurationPlatforms) = postSolution
		{30708CBA-AA43-4F66-B284-2DBE20F2A735}.Debug|Any CPU.ActiveCfg = Debug|Any CPU
		{30708CBA-AA43-4F66-B284-2DBE20F2A735}.Debug|Any CPU.Build.0 = Debug|Any CPU
		{30708CBA-AA43-4F66-B284-2DBE20F2A735}.Release|Any CPU.ActiveCfg = Release|Any CPU
		{30708CBA-AA43-4F66-B284-2DBE20F2A735}.Release|Any CPU.Build.0 = Release|Any CPU
	EndGlobalSection
	GlobalSection(SolutionProperties) = preSolution
		HideSolutionNode = FALSE
	EndGlobalSection
	GlobalSection(ExtensibilityGlobals) = postSolution
		SolutionGuid = {E71E33B7-9FA1-4FD8-98AD-0508F3766DAF}
	EndGlobalSection
EndGlobal
