
Microsoft Visual Studio Solution File, Format Version 12.00
# Visual Studio Version 17
VisualStudioVersion = 17.14.37012.4 d17.14
MinimumVisualStudioVersion = 10.0.40219.1
Project("{FAE04EC0-301F-11D3-BF4B-00C04F79EFBC}") = "Verification", "Verification\Verification.csproj", "{594171E7-BA22-429D-8309-D87593F89E46}"
EndProject
Project("{2150E333-8FDC-42A3-9474-1A3956D46DE8}") = "Verification.Application", "Verification.Application", "{02EA681E-C7D8-13C7-8484-4AC65E1B71E8}"
EndProject
Project("{FAE04EC0-301F-11D3-BF4B-00C04F79EFBC}") = "Verification.Application", "Verification.Application\Verification.Application.csproj", "{51365D08-1EC4-4819-8C4D-FB2039D83465}"
EndProject
Project("{2150E333-8FDC-42A3-9474-1A3956D46DE8}") = "Verification.Domain", "Verification.Domain", "{CE160D8A-F5DA-43BD-82D9-C9997E4CA463}"
EndProject
Project("{FAE04EC0-301F-11D3-BF4B-00C04F79EFBC}") = "Verification.Domain", "Verification.Domain\Verification.Domain.csproj", "{9853937F-EC3B-4508-B0E5-1E08DF8D0E0C}"
EndProject
Project("{2150E333-8FDC-42A3-9474-1A3956D46DE8}") = "Verification.Infrastructure", "Verification.Infrastructure", "{2B905F40-1AD2-411E-89DA-386BD36937EE}"
EndProject
Project("{FAE04EC0-301F-11D3-BF4B-00C04F79EFBC}") = "Verification.Infrastructure", "Verification.Infrastructure\Verification.Infrastructure.csproj", "{1556756C-63CB-413A-9625-BA56525CFB6C}"
EndProject
Global
	GlobalSection(SolutionConfigurationPlatforms) = preSolution
		Debug|Any CPU = Debug|Any CPU
		Release|Any CPU = Release|Any CPU
	EndGlobalSection
	GlobalSection(ProjectConfigurationPlatforms) = postSolution
		{594171E7-BA22-429D-8309-D87593F89E46}.Debug|Any CPU.ActiveCfg = Debug|Any CPU
		{594171E7-BA22-429D-8309-D87593F89E46}.Debug|Any CPU.Build.0 = Debug|Any CPU
		{594171E7-BA22-429D-8309-D87593F89E46}.Release|Any CPU.ActiveCfg = Release|Any CPU
		{594171E7-BA22-429D-8309-D87593F89E46}.Release|Any CPU.Build.0 = Release|Any CPU
		{51365D08-1EC4-4819-8C4D-FB2039D83465}.Debug|Any CPU.ActiveCfg = Debug|Any CPU
		{51365D08-1EC4-4819-8C4D-FB2039D83465}.Debug|Any CPU.Build.0 = Debug|Any CPU
		{51365D08-1EC4-4819-8C4D-FB2039D83465}.Release|Any CPU.ActiveCfg = Release|Any CPU
		{51365D08-1EC4-4819-8C4D-FB2039D83465}.Release|Any CPU.Build.0 = Release|Any CPU
		{9853937F-EC3B-4508-B0E5-1E08DF8D0E0C}.Debug|Any CPU.ActiveCfg = Debug|Any CPU
		{9853937F-EC3B-4508-B0E5-1E08DF8D0E0C}.Debug|Any CPU.Build.0 = Debug|Any CPU
		{9853937F-EC3B-4508-B0E5-1E08DF8D0E0C}.Release|Any CPU.ActiveCfg = Release|Any CPU
		{9853937F-EC3B-4508-B0E5-1E08DF8D0E0C}.Release|Any CPU.Build.0 = Release|Any CPU
		{1556756C-63CB-413A-9625-BA56525CFB6C}.Debug|Any CPU.ActiveCfg = Debug|Any CPU
		{1556756C-63CB-413A-9625-BA56525CFB6C}.Debug|Any CPU.Build.0 = Debug|Any CPU
		{1556756C-63CB-413A-9625-BA56525CFB6C}.Release|Any CPU.ActiveCfg = Release|Any CPU
		{1556756C-63CB-413A-9625-BA56525CFB6C}.Release|Any CPU.Build.0 = Release|Any CPU
	EndGlobalSection
	GlobalSection(SolutionProperties) = preSolution
		HideSolutionNode = FALSE
	EndGlobalSection
	GlobalSection(NestedProjects) = preSolution
		{51365D08-1EC4-4819-8C4D-FB2039D83465} = {02EA681E-C7D8-13C7-8484-4AC65E1B71E8}
		{9853937F-EC3B-4508-B0E5-1E08DF8D0E0C} = {CE160D8A-F5DA-43BD-82D9-C9997E4CA463}
		{1556756C-63CB-413A-9625-BA56525CFB6C} = {2B905F40-1AD2-411E-89DA-386BD36937EE}
	EndGlobalSection
	GlobalSection(ExtensibilityGlobals) = postSolution
		SolutionGuid = {166ADA9C-DDC1-4271-BE9B-3B964135A6DA}
	EndGlobalSection
EndGlobal
